
Microsoft Visual Studio Solution File, Format Version 12.00
# Visual Studio Version 16
VisualStudioVersion = 16.0.31605.320
MinimumVisualStudioVersion = 10.0.40219.1
Project("{FAE04EC0-301F-11D3-BF4B-00C04F79EFBC}") = "Integrator", "Integrator\Integrator.csproj", "{B8682C46-51BA-4CC3-A150-1F9568488023}"
EndProject
Global
	GlobalSection(SolutionConfigurationPlatforms) = preSolution
		Debug|Any CPU = Debug|Any CPU
		Release|Any CPU = Release|Any CPU
	EndGlobalSection
	GlobalSection(ProjectConfigurationPlatforms) = postSolution
		{B8682C46-51BA-4CC3-A150-1F9568488023}.Debug|Any CPU.ActiveCfg = Debug|Any CPU
		{B8682C46-51BA-4CC3-A150-1F9568488023}.Debug|Any CPU.Build.0 = Debug|Any CPU
		{B8682C46-51BA-4CC3-A150-1F9568488023}.Release|Any CPU.ActiveCfg = Release|Any CPU
		{B8682C46-51BA-4CC3-A150-1F9568488023}.Release|Any CPU.Build.0 = Release|Any CPU
	EndGlobalSection
	GlobalSection(SolutionProperties) = preSolution
		HideSolutionNode = FALSE
	EndGlobalSection
	GlobalSection(ExtensibilityGlobals) = postSolution
		SolutionGuid = {AD0E77D3-6D19-4450-B573-9BD4CC109788}
	EndGlobalSection
EndGlobal
